PODS:
  - Analytics/Core-iOS (2.0.17):
    - TRVSDictionaryWithCaseInsensitivity (= 0.0.2)
  - Analytics/Mixpanel (2.0.17):
    - Analytics/Core-iOS
    - Analytics/Segmentio
    - Mixpanel (= 2.8.3)
  - Analytics/Segmentio (2.0.17):
    - Analytics/Core-iOS
  - Mixpanel (2.8.3):
    - Mixpanel/Mixpanel (= 2.8.3)
  - Mixpanel/Mixpanel (2.8.3)
  - TRVSDictionaryWithCaseInsensitivity (0.0.2)

DEPENDENCIES:
  - Analytics/Mixpanel (~> 2.0)

SPEC CHECKSUMS:
  Analytics: 51d6163cb568c8ede69f2b92ef4779d91e1524e2
  Mixpanel: fd52e097ae0d27295d0595b2261c60b94d191fda
  TRVSDictionaryWithCaseInsensitivity: 51d2ccf52c6d645d27b63467a98fa02c556e01b0

PODFILE CHECKSUM: 2405483a1b4fdc5314b158d13aea4bc1ef5f80e9

COCOAPODS: 1.0.0
