PODS:
  - Analytics/Core-iOS (1.11.12):
    - TRVSDictionaryWithCaseInsensitivity (= 0.0.2)
  - Analytics/Mixpanel (1.11.12):
    - Analytics/Core-iOS
    - Analytics/Segmentio
    - Mixpanel (= 2.6.0)
  - Analytics/Segmentio (1.11.12):
    - Analytics/Core-iOS
  - Mixpanel (2.6.0):
    - Mixpanel/MPCategoryHelpers (= 2.6.0)
  - Mixpanel/MPCategoryHelpers (2.6.0)
  - TRVSDictionaryWithCaseInsensitivity (0.0.2)

DEPENDENCIES:
  - Analytics/Mixpanel (~> 1.11)

SPEC CHECKSUMS:
  Analytics: 845bdb1175c45d187396d0f723d959964fbbf0e8
  Mixpanel: 488567f7138408f360377dd46e1d189655f8b435
  TRVSDictionaryWithCaseInsensitivity: 51d2ccf52c6d645d27b63467a98fa02c556e01b0

COCOAPODS: 0.37.2
